// !$*UTF8*$!
{
	archiveVersion = 1;
	classes = {
	};
	objectVersion = 56;
	objects = {

/* Begin PBXBuildFile section */
		974B23C629D3A2EF00411FD1 /* AppDelegate.swift in Sources */ = {isa = PBXBuildFile; fileRef = 974B23C529D3A2EF00411FD1 /* AppDelegate.swift */; };
		974B23C829D3A2EF00411FD1 /* SceneDelegate.swift in Sources */ = {isa = PBXBuildFile; fileRef = 974B23C729D3A2EF00411FD1 /* SceneDelegate.swift */; };
		974B23CA29D3A2EF00411FD1 /* ViewController.swift in Sources */ = {isa = PBXBuildFile; fileRef = 974B23C929D3A2EF00411FD1 /* ViewController.swift */; };
		974B23CD29D3A2EF00411FD1 /* Main.storyboard in Resources */ = {isa = PBXBuildFile; fileRef = 974B23CB29D3A2EF00411FD1 /* Main.storyboard */; };
		974B23CF29D3A2F000411FD1 /* Assets.xcassets in Resources */ = {isa = PBXBuildFile; fileRef = 974B23CE29D3A2F000411FD1 /* Assets.xcassets */; };
		974B23D229D3A2F000411FD1 /* LaunchScreen.storyboard in Resources */ = {isa = PBXBuildFile; fileRef = 974B23D029D3A2F000411FD1 /* LaunchScreen.storyboard */; };
		974B23DD29D3A2F000411FD1 /* AppStoryBoardTests.swift in Sources */ = {isa = PBXBuildFile; fileRef = 974B23DC29D3A2F000411FD1 /* AppStoryBoardTests.swift */; };
		974B23E729D3A2F000411FD1 /* AppStoryBoardUITests.swift in Sources */ = {isa = PBXBuildFile; fileRef = 974B23E629D3A2F000411FD1 /* AppStoryBoardUITests.swift */; };
		974B23E929D3A2F000411FD1 /* AppStoryBoardUITestsLaunchTests.swift in Sources */ = {isa = PBXBuildFile; fileRef = 974B23E829D3A2F000411FD1 /* AppStoryBoardUITestsLaunchTests.swift */; };
/* End PBXBuildFile section */

/* Begin PBXContainerItemProxy section */
		974B23D929D3A2F000411FD1 /* PBXContainerItemProxy */ = {
			isa = PBXContainerItemProxy;
			containerPortal = 974B23BA29D3A2EF00411FD1 /* Project object */;
			proxyType = 1;
			remoteGlobalIDString = 974B23C129D3A2EF00411FD1;
			remoteInfo = AppStoryBoard;
		};
		974B23E329D3A2F000411FD1 /* PBXContainerItemProxy */ = {
			isa = PBXContainerItemProxy;
			containerPortal = 974B23BA29D3A2EF00411FD1 /* Project object */;
			proxyType = 1;
			remoteGlobalIDString = 974B23C129D3A2EF00411FD1;
			remoteInfo = AppStoryBoard;
		};
/* End PBXContainerItemProxy section */

/* Begin PBXFileReference section */
		974B23C229D3A2EF00411FD1 /* AppStoryBoard.app */ = {isa = PBXFileReference; explicitFileType = wrapper.application; includeInIndex = 0; path = AppStoryBoard.app; sourceTree = BUILT_PRODUCTS_DIR; };
		974B23C529D3A2EF00411FD1 /* AppDelegate.swift */ = {isa = PBXFileReference; lastKnownFileType = sourcecode.swift; path = AppDelegate.swift; sourceTree = "<group>"; };
		974B23C729D3A2EF00411FD1 /* SceneDelegate.swift */ = {isa = PBXFileReference; lastKnownFileType = sourcecode.swift; path = SceneDelegate.swift; sourceTree = "<group>"; };
		974B23C929D3A2EF00411FD1 /* ViewController.swift */ = {isa = PBXFileReference; lastKnownFileType = sourcecode.swift; path = ViewController.swift; sourceTree = "<group>"; };
		974B23CC29D3A2EF00411FD1 /* Base */ = {isa = PBXFileReference; lastKnownFileType = file.storyboard; name = Base; path = Base.lproj/Main.storyboard; sourceTree = "<group>"; };
		974B23CE29D3A2F000411FD1 /* Assets.xcassets */ = {isa = PBXFileReference; lastKnownFileType = folder.assetcatalog; path = Assets.xcassets; sourceTree = "<group>"; };
		974B23D129D3A2F000411FD1 /* Base */ = {isa = PBXFileReference; lastKnownFileType = file.storyboard; name = Base; path = Base.lproj/LaunchScreen.storyboard; sourceTree = "<group>"; };
		974B23D329D3A2F000411FD1 /* Info.plist */ = {isa = PBXFileReference; lastKnownFileType = text.plist.xml; path = Info.plist; sourceTree = "<group>"; };
		974B23D829D3A2F000411FD1 /* AppStoryBoardTests.xctest */ = {isa = PBXFileReference; explicitFileType = wrapper.cfbundle; includeInIndex = 0; path = AppStoryBoardTests.xctest; sourceTree = BUILT_PRODUCTS_DIR; };
		974B23DC29D3A2F000411FD1 /* AppStoryBoardTests.swift */ = {isa = PBXFileReference; lastKnownFileType = sourcecode.swift; path = AppStoryBoardTests.swift; sourceTree = "<group>"; };
		974B23E229D3A2F000411FD1 /* AppStoryBoardUITests.xctest */ = {isa = PBXFileReference; explicitFileType = wrapper.cfbundle; includeInIndex = 0; path = AppStoryBoardUITests.xctest; sourceTree = BUILT_PRODUCTS_DIR; };
		974B23E629D3A2F000411FD1 /* AppStoryBoardUITests.swift */ = {isa = PBXFileReference; lastKnownFileType = sourcecode.swift; path = AppStoryBoardUITests.swift; sourceTree = "<group>"; };
		974B23E829D3A2F000411FD1 /* AppStoryBoardUITestsLaunchTests.swift */ = {isa = PBXFileReference; lastKnownFileType = sourcecode.swift; path = AppStoryBoardUITestsLaunchTests.swift; sourceTree = "<group>"; };
/* End PBXFileReference section */

/* Begin PBXFrameworksBuildPhase section */
		974B23BF29D3A2EF00411FD1 /* Frameworks */ = {
			isa = PBXFrameworksBuildPhase;
			buildActionMask = 2147483647;
			files = (
			);
			runOnlyForDeploymentPostprocessing = 0;
		};
		974B23D529D3A2F000411FD1 /* Frameworks */ = {
			isa = PBXFrameworksBuildPhase;
			buildActionMask = 2147483647;
			files = (
			);
			runOnlyForDeploymentPostprocessing = 0;
		};
		974B23DF29D3A2F000411FD1 /* Frameworks */ = {
			isa = PBXFrameworksBuildPhase;
			buildActionMask = 2147483647;
			files = (
			);
			runOnlyForDeploymentPostprocessing = 0;
		};
/* End PBXFrameworksBuildPhase section */

/* Begin PBXGroup section */
		974B23B929D3A2EF00411FD1 = {
			isa = PBXGroup;
			children = (
				974B23C429D3A2EF00411FD1 /* AppStoryBoard */,
				974B23DB29D3A2F000411FD1 /* AppStoryBoardTests */,
				974B23E529D3A2F000411FD1 /* AppStoryBoardUITests */,
				974B23C329D3A2EF00411FD1 /* Products */,
			);
			sourceTree = "<group>";
		};
		974B23C329D3A2EF00411FD1 /* Products */ = {
			isa = PBXGroup;
			children = (
				974B23C229D3A2EF00411FD1 /* AppStoryBoard.app */,
				974B23D829D3A2F000411FD1 /* AppStoryBoardTests.xctest */,
				974B23E229D3A2F000411FD1 /* AppStoryBoardUITests.xctest */,
			);
			name = Products;
			sourceTree = "<group>";
		};
		974B23C429D3A2EF00411FD1 /* AppStoryBoard */ = {
			isa = PBXGroup;
			children = (
				974B23C529D3A2EF00411FD1 /* AppDelegate.swift */,
				974B23C729D3A2EF00411FD1 /* SceneDelegate.swift */,
				974B23C929D3A2EF00411FD1 /* ViewController.swift */,
				974B23CB29D3A2EF00411FD1 /* Main.storyboard */,
				974B23CE29D3A2F000411FD1 /* Assets.xcassets */,
				974B23D029D3A2F000411FD1 /* LaunchScreen.storyboard */,
				974B23D329D3A2F000411FD1 /* Info.plist */,
			);
			path = AppStoryBoard;
			sourceTree = "<group>";
		};
		974B23DB29D3A2F000411FD1 /* AppStoryBoardTests */ = {
			isa = PBXGroup;
			children = (
				974B23DC29D3A2F000411FD1 /* AppStoryBoardTests.swift */,
			);
			path = AppStoryBoardTests;
			sourceTree = "<group>";
		};
		974B23E529D3A2F000411FD1 /* AppStoryBoardUITests */ = {
			isa = PBXGroup;
			children = (
				974B23E629D3A2F000411FD1 /* AppStoryBoardUITests.swift */,
				974B23E829D3A2F000411FD1 /* AppStoryBoardUITestsLaunchTests.swift */,
			);
			path = AppStoryBoardUITests;
			sourceTree = "<group>";
		};
/* End PBXGroup section */

/* Begin PBXNativeTarget section */
		974B23C129D3A2EF00411FD1 /* AppStoryBoard */ = {
			isa = PBXNativeTarget;
			buildConfigurationList = 974B23EC29D3A2F000411FD1 /* Build configuration list for PBXNativeTarget "AppStoryBoard" */;
			buildPhases = (
				974B23BE29D3A2EF00411FD1 /* Sources */,
				974B23BF29D3A2EF00411FD1 /* Frameworks */,
				974B23C029D3A2EF00411FD1 /* Resources */,
			);
			buildRules = (
			);
			dependencies = (
			);
			name = AppStoryBoard;
			productName = AppStoryBoard;
			productReference = 974B23C229D3A2EF00411FD1 /* AppStoryBoard.app */;
			productType = "com.apple.product-type.application";
		};
		974B23D729D3A2F000411FD1 /* AppStoryBoardTests */ = {
			isa = PBXNativeTarget;
			buildConfigurationList = 974B23EF29D3A2F000411FD1 /* Build configuration list for PBXNativeTarget "AppStoryBoardTests" */;
			buildPhases = (
				974B23D429D3A2F000411FD1 /* Sources */,
				974B23D529D3A2F000411FD1 /* Frameworks */,
				974B23D629D3A2F000411FD1 /* Resources */,
			);
			buildRules = (
			);
			dependencies = (
				974B23DA29D3A2F000411FD1 /* PBXTargetDependency */,
			);
			name = AppStoryBoardTests;
			productName = AppStoryBoardTests;
			productReference = 974B23D829D3A2F000411FD1 /* AppStoryBoardTests.xctest */;
			productType = "com.apple.product-type.bundle.unit-test";
		};
		974B23E129D3A2F000411FD1 /* AppStoryBoardUITests */ = {
			isa = PBXNativeTarget;
			buildConfigurationList = 974B23F229D3A2F000411FD1 /* Build configuration list for PBXNativeTarget "AppStoryBoardUITests" */;
			buildPhases = (
				974B23DE29D3A2F000411FD1 /* Sources */,
				974B23DF29D3A2F000411FD1 /* Frameworks */,
				974B23E029D3A2F000411FD1 /* Resources */,
			);
			buildRules = (
			);
			dependencies = (
				974B23E429D3A2F000411FD1 /* PBXTargetDependency */,
			);
			name = AppStoryBoardUITests;
			productName = AppStoryBoardUITests;
			productReference = 974B23E229D3A2F000411FD1 /* AppStoryBoardUITests.xctest */;
			productType = "com.apple.product-type.bundle.ui-testing";
		};
/* End PBXNativeTarget section */

/* Begin PBXProject section */
		974B23BA29D3A2EF00411FD1 /* Project object */ = {
			isa = PBXProject;
			attributes = {
				BuildIndependentTargetsInParallel = 1;
				LastSwiftUpdateCheck = 1420;
				LastUpgradeCheck = 1420;
				TargetAttributes = {
					974B23C129D3A2EF00411FD1 = {
						CreatedOnToolsVersion = 14.2;
					};
					974B23D729D3A2F000411FD1 = {
						CreatedOnToolsVersion = 14.2;
						TestTargetID = 974B23C129D3A2EF00411FD1;
					};
					974B23E129D3A2F000411FD1 = {
						CreatedOnToolsVersion = 14.2;
						TestTargetID = 974B23C129D3A2EF00411FD1;
					};
				};
			};
			buildConfigurationList = 974B23BD29D3A2EF00411FD1 /* Build configuration list for PBXProject "AppStoryBoard" */;
			compatibilityVersion = "Xcode 14.0";
			developmentRegion = en;
			hasScannedForEncodings = 0;
			knownRegions = (
				en,
				Base,
			);
			mainGroup = 974B23B929D3A2EF00411FD1;
			productRefGroup = 974B23C329D3A2EF00411FD1 /* Products */;
			projectDirPath = "";
			projectRoot = "";
			targets = (
				974B23C129D3A2EF00411FD1 /* AppStoryBoard */,
				974B23D729D3A2F000411FD1 /* AppStoryBoardTests */,
				974B23E129D3A2F000411FD1 /* AppStoryBoardUITests */,
			);
		};
/* End PBXProject section */

/* Begin PBXResourcesBuildPhase section */
		974B23C029D3A2EF00411FD1 /* Resources */ = {
			isa = PBXResourcesBuildPhase;
			buildActionMask = 2147483647;
			files = (
				974B23D229D3A2F000411FD1 /* LaunchScreen.storyboard in Resources */,
				974B23CF29D3A2F000411FD1 /* Assets.xcassets in Resources */,
				974B23CD29D3A2EF00411FD1 /* Main.storyboard in Resources */,
			);
			runOnlyForDeploymentPostprocessing = 0;
		};
		974B23D629D3A2F000411FD1 /* Resources */ = {
			isa = PBXResourcesBuildPhase;
			buildActionMask = 2147483647;
			files = (
			);
			runOnlyForDeploymentPostprocessing = 0;
		};
		974B23E029D3A2F000411FD1 /* Resources */ = {
			isa = PBXResourcesBuildPhase;
			buildActionMask = 2147483647;
			files = (
			);
			runOnlyForDeploymentPostprocessing = 0;
		};
/* End PBXResourcesBuildPhase section */

/* Begin PBXSourcesBuildPhase section */
		974B23BE29D3A2EF00411FD1 /* Sources */ = {
			isa = PBXSourcesBuildPhase;
			buildActionMask = 2147483647;
			files = (
				974B23CA29D3A2EF00411FD1 /* ViewController.swift in Sources */,
				974B23C629D3A2EF00411FD1 /* AppDelegate.swift in Sources */,
				974B23C829D3A2EF00411FD1 /* SceneDelegate.swift in Sources */,
			);
			runOnlyForDeploymentPostprocessing = 0;
		};
		974B23D429D3A2F000411FD1 /* Sources */ = {
			isa = PBXSourcesBuildPhase;
			buildActionMask = 2147483647;
			files = (
				974B23DD29D3A2F000411FD1 /* AppStoryBoardTests.swift in Sources */,
			);
			runOnlyForDeploymentPostprocessing = 0;
		};
		974B23DE29D3A2F000411FD1 /* Sources */ = {
			isa = PBXSourcesBuildPhase;
			buildActionMask = 2147483647;
			files = (
				974B23E729D3A2F000411FD1 /* AppStoryBoardUITests.swift in Sources */,
				974B23E929D3A2F000411FD1 /* AppStoryBoardUITestsLaunchTests.swift in Sources */,
			);
			runOnlyForDeploymentPostprocessing = 0;
		};
/* End PBXSourcesBuildPhase section */

/* Begin PBXTargetDependency section */
		974B23DA29D3A2F000411FD1 /* PBXTargetDependency */ = {
			isa = PBXTargetDependency;
			target = 974B23C129D3A2EF00411FD1 /* AppStoryBoard */;
			targetProxy = 974B23D929D3A2F000411FD1 /* PBXContainerItemProxy */;
		};
		974B23E429D3A2F000411FD1 /* PBXTargetDependency */ = {
			isa = PBXTargetDependency;
			target = 974B23C129D3A2EF00411FD1 /* AppStoryBoard */;
			targetProxy = 974B23E329D3A2F000411FD1 /* PBXContainerItemProxy */;
		};
/* End PBXTargetDependency section */

/* Begin PBXVariantGroup section */
		974B23CB29D3A2EF00411FD1 /* Main.storyboard */ = {
			isa = PBXVariantGroup;
			children = (
				974B23CC29D3A2EF00411FD1 /* Base */,
			);
			name = Main.storyboard;
			sourceTree = "<group>";
		};
		974B23D029D3A2F000411FD1 /* LaunchScreen.storyboard */ = {
			isa = PBXVariantGroup;
			children = (
				974B23D129D3A2F000411FD1 /* Base */,
			);
			name = LaunchScreen.storyboard;
			sourceTree = "<group>";
		};
/* End PBXVariantGroup section */

/* Begin XCBuildConfiguration section */
		974B23EA29D3A2F000411FD1 /* Debug */ = {
			isa = XCBuildConfiguration;
			buildSettings = {
				ALWAYS_SEARCH_USER_PATHS = NO;
				CLANG_ANALYZER_NONNULL = YES;
				CLANG_ANALYZER_NUMBER_OBJECT_CONVERSION = YES_AGGRESSIVE;
				CLANG_CXX_LANGUAGE_STANDARD = "gnu++20";
				CLANG_ENABLE_MODULES = YES;
				CLANG_ENABLE_OBJC_ARC = YES;
				CLANG_ENABLE_OBJC_WEAK = YES;
				CLANG_WARN_BLOCK_CAPTURE_AUTORELEASING = YES;
				CLANG_WARN_BOOL_CONVERSION = YES;
				CLANG_WARN_COMMA = YES;
				CLANG_WARN_CONSTANT_CONVERSION = YES;
				CLANG_WARN_DEPRECATED_OBJC_IMPLEMENTATIONS = YES;
				CLANG_WARN_DIRECT_OBJC_ISA_USAGE = YES_ERROR;
				CLANG_WARN_DOCUMENTATION_COMMENTS = YES;
				CLANG_WARN_EMPTY_BODY = YES;
				CLANG_WARN_ENUM_CONVERSION = YES;
				CLANG_WARN_INFINITE_RECURSION = YES;
				CLANG_WARN_INT_CONVERSION = YES;
				CLANG_WARN_NON_LITERAL_NULL_CONVERSION = YES;
				CLANG_WARN_OBJC_IMPLICIT_RETAIN_SELF = YES;
				CLANG_WARN_OBJC_LITERAL_CONVERSION = YES;
				CLANG_WARN_OBJC_ROOT_CLASS = YES_ERROR;
				CLANG_WARN_QUOTED_INCLUDE_IN_FRAMEWORK_HEADER = YES;
				CLANG_WARN_RANGE_LOOP_ANALYSIS = YES;
				CLANG_WARN_STRICT_PROTOTYPES = YES;
				CLANG_WARN_SUSPICIOUS_MOVE = YES;
				CLANG_WARN_UNGUARDED_AVAILABILITY = YES_AGGRESSIVE;
				CLANG_WARN_UNREACHABLE_CODE = YES;
				CLANG_WARN__DUPLICATE_METHOD_MATCH = YES;
				COPY_PHASE_STRIP = NO;
				DEBUG_INFORMATION_FORMAT = dwarf;
				ENABLE_STRICT_OBJC_MSGSEND = YES;
				ENABLE_TESTABILITY = YES;
				GCC_C_LANGUAGE_STANDARD = gnu11;
				GCC_DYNAMIC_NO_PIC = NO;
				GCC_NO_COMMON_BLOCKS = YES;
				GCC_OPTIMIZATION_LEVEL = 0;
				GCC_PREPROCESSOR_DEFINITIONS = (
					"DEBUG=1",
					"$(inherited)",
				);
				GCC_WARN_64_TO_32_BIT_CONVERSION = YES;
				GCC_WARN_ABOUT_RETURN_TYPE = YES_ERROR;
				GCC_WARN_UNDECLARED_SELECTOR = YES;
				GCC_WARN_UNINITIALIZED_AUTOS = YES_AGGRESSIVE;
				GCC_WARN_UNUSED_FUNCTION = YES;
				GCC_WARN_UNUSED_VARIABLE = YES;
				IPHONEOS_DEPLOYMENT_TARGET = 16.2;
				MTL_ENABLE_DEBUG_INFO = INCLUDE_SOURCE;
				MTL_FAST_MATH = YES;
				ONLY_ACTIVE_ARCH = YES;
				SDKROOT = iphoneos;
				SWIFT_ACTIVE_COMPILATION_CONDITIONS = DEBUG;
				SWIFT_OPTIMIZATION_LEVEL = "-Onone";
			};
			name = Debug;
		};
		974B23EB29D3A2F000411FD1 /* Release */ = {
			isa = XCBuildConfiguration;
			buildSettings = {
				ALWAYS_SEARCH_USER_PATHS = NO;
				CLANG_ANALYZER_NONNULL = YES;
				CLANG_ANALYZER_NUMBER_OBJECT_CONVERSION = YES_AGGRESSIVE;
				CLANG_CXX_LANGUAGE_STANDARD = "gnu++20";
				CLANG_ENABLE_MODULES = YES;
				CLANG_ENABLE_OBJC_ARC = YES;
				CLANG_ENABLE_OBJC_WEAK = YES;
				CLANG_WARN_BLOCK_CAPTURE_AUTORELEASING = YES;
				CLANG_WARN_BOOL_CONVERSION = YES;
				CLANG_WARN_COMMA = YES;
				CLANG_WARN_CONSTANT_CONVERSION = YES;
				CLANG_WARN_DEPRECATED_OBJC_IMPLEMENTATIONS = YES;
				CLANG_WARN_DIRECT_OBJC_ISA_USAGE = YES_ERROR;
				CLANG_WARN_DOCUMENTATION_COMMENTS = YES;
				CLANG_WARN_EMPTY_BODY = YES;
				CLANG_WARN_ENUM_CONVERSION = YES;
				CLANG_WARN_INFINITE_RECURSION = YES;
				CLANG_WARN_INT_CONVERSION = YES;
				CLANG_WARN_NON_LITERAL_NULL_CONVERSION = YES;
				CLANG_WARN_OBJC_IMPLICIT_RETAIN_SELF = YES;
				CLANG_WARN_OBJC_LITERAL_CONVERSION = YES;
				CLANG_WARN_OBJC_ROOT_CLASS = YES_ERROR;
				CLANG_WARN_QUOTED_INCLUDE_IN_FRAMEWORK_HEADER = YES;
				CLANG_WARN_RANGE_LOOP_ANALYSIS = YES;
				CLANG_WARN_STRICT_PROTOTYPES = YES;
				CLANG_WARN_SUSPICIOUS_MOVE = YES;
				CLANG_WARN_UNGUARDED_AVAILABILITY = YES_AGGRESSIVE;
				CLANG_WARN_UNREACHABLE_CODE = YES;
				CLANG_WARN__DUPLICATE_METHOD_MATCH = YES;
				COPY_PHASE_STRIP = NO;
				DEBUG_INFORMATION_FORMAT = "dwarf-with-dsym";
				ENABLE_NS_ASSERTIONS = NO;
				ENABLE_STRICT_OBJC_MSGSEND = YES;
				GCC_C_LANGUAGE_STANDARD = gnu11;
				GCC_NO_COMMON_BLOCKS = YES;
				GCC_WARN_64_TO_32_BIT_CONVERSION = YES;
				GCC_WARN_ABOUT_RETURN_TYPE = YES_ERROR;
				GCC_WARN_UNDECLARED_SELECTOR = YES;
				GCC_WARN_UNINITIALIZED_AUTOS = YES_AGGRESSIVE;
				GCC_WARN_UNUSED_FUNCTION = YES;
				GCC_WARN_UNUSED_VARIABLE = YES;
				IPHONEOS_DEPLOYMENT_TARGET = 16.2;
				MTL_ENABLE_DEBUG_INFO = NO;
				MTL_FAST_MATH = YES;
				SDKROOT = iphoneos;
				SWIFT_COMPILATION_MODE = wholemodule;
				SWIFT_OPTIMIZATION_LEVEL = "-O";
				VALIDATE_PRODUCT = YES;
			};
			name = Release;
		};
		974B23ED29D3A2F000411FD1 /* Debug */ = {
			isa = XCBuildConfiguration;
			buildSettings = {
				ASSETCATALOG_COMPILER_APPICON_NAME = AppIcon;
				ASSETCATALOG_COMPILER_GLOBAL_ACCENT_COLOR_NAME = AccentColor;
				CODE_SIGN_STYLE = Automatic;
				CURRENT_PROJECT_VERSION = 1;
				GENERATE_INFOPLIST_FILE = YES;
				INFOPLIST_FILE = AppStoryBoard/Info.plist;
				INFOPLIST_KEY_UIApplicationSupportsIndirectInputEvents = YES;
				INFOPLIST_KEY_UILaunchStoryboardName = LaunchScreen;
				INFOPLIST_KEY_UIMainStoryboardFile = Main;
				INFOPLIST_KEY_UISupportedInterfaceOrientations_iPad = "UIInterfaceOrientationPortrait UIInterfaceOrientationPortraitUpsideDown UIInterfaceOrientationLandscapeLeft UIInterfaceOrientationLandscapeRight";
				INFOPLIST_KEY_UISupportedInterfaceOrientations_iPhone = "UIInterfaceOrientationPortrait UIInterfaceOrientationLandscapeLeft UIInterfaceOrientationLandscapeRight";
				LD_RUNPATH_SEARCH_PATHS = (
					"$(inherited)",
					"@executable_path/Frameworks",
				);
				MARKETING_VERSION = 1.0;
				PRODUCT_BUNDLE_IDENTIFIER = Balcardev.AppStoryBoard;
				PRODUCT_NAME = "$(TARGET_NAME)";
				SWIFT_EMIT_LOC_STRINGS = YES;
				SWIFT_VERSION = 5.0;
				TARGETED_DEVICE_FAMILY = "1,2";
			};
			name = Debug;
		};
		974B23EE29D3A2F000411FD1 /* Release */ = {
			isa = XCBuildConfiguration;
			buildSettings = {
				ASSETCATALOG_COMPILER_APPICON_NAME = AppIcon;
				ASSETCATALOG_COMPILER_GLOBAL_ACCENT_COLOR_NAME = AccentColor;
				CODE_SIGN_STYLE = Automatic;
				CURRENT_PROJECT_VERSION = 1;
				GENERATE_INFOPLIST_FILE = YES;
				INFOPLIST_FILE = AppStoryBoard/Info.plist;
				INFOPLIST_KEY_UIApplicationSupportsIndirectInputEvents = YES;
				INFOPLIST_KEY_UILaunchStoryboardName = LaunchScreen;
				INFOPLIST_KEY_UIMainStoryboardFile = Main;
				INFOPLIST_KEY_UISupportedInterfaceOrientations_iPad = "UIInterfaceOrientationPortrait UIInterfaceOrientationPortraitUpsideDown UIInterfaceOrientationLandscapeLeft UIInterfaceOrientationLandscapeRight";
				INFOPLIST_KEY_UISupportedInterfaceOrientations_iPhone = "UIInterfaceOrientationPortrait UIInterfaceOrientationLandscapeLeft UIInterfaceOrientationLandscapeRight";
				LD_RUNPATH_SEARCH_PATHS = (
					"$(inherited)",
					"@executable_path/Frameworks",
				);
				MARKETING_VERSION = 1.0;
				PRODUCT_BUNDLE_IDENTIFIER = Balcardev.AppStoryBoard;
				PRODUCT_NAME = "$(TARGET_NAME)";
				SWIFT_EMIT_LOC_STRINGS = YES;
				SWIFT_VERSION = 5.0;
				TARGETED_DEVICE_FAMILY = "1,2";
			};
			name = Release;
		};
		974B23F029D3A2F000411FD1 /* Debug */ = {
			isa = XCBuildConfiguration;
			buildSettings = {
				ALWAYS_EMBED_SWIFT_STANDARD_LIBRARIES = YES;
				BUNDLE_LOADER = "$(TEST_HOST)";
				CODE_SIGN_STYLE = Automatic;
				CURRENT_PROJECT_VERSION = 1;
				GENERATE_INFOPLIST_FILE = YES;
				IPHONEOS_DEPLOYMENT_TARGET = 16.2;
				MARKETING_VERSION = 1.0;
				PRODUCT_BUNDLE_IDENTIFIER = Balcardev.AppStoryBoardTests;
				PRODUCT_NAME = "$(TARGET_NAME)";
				SWIFT_EMIT_LOC_STRINGS = NO;
				SWIFT_VERSION = 5.0;
				TARGETED_DEVICE_FAMILY = "1,2";
				TEST_HOST = "$(BUILT_PRODUCTS_DIR)/AppStoryBoard.app/$(BUNDLE_EXECUTABLE_FOLDER_PATH)/AppStoryBoard";
			};
			name = Debug;
		};
		974B23F129D3A2F000411FD1 /* Release */ = {
			isa = XCBuildConfiguration;
			buildSettings = {
				ALWAYS_EMBED_SWIFT_STANDARD_LIBRARIES = YES;
				BUNDLE_LOADER = "$(TEST_HOST)";
				CODE_SIGN_STYLE = Automatic;
				CURRENT_PROJECT_VERSION = 1;
				GENERATE_INFOPLIST_FILE = YES;
				IPHONEOS_DEPLOYMENT_TARGET = 16.2;
				MARKETING_VERSION = 1.0;
				PRODUCT_BUNDLE_IDENTIFIER = Balcardev.AppStoryBoardTests;
				PRODUCT_NAME = "$(TARGET_NAME)";
				SWIFT_EMIT_LOC_STRINGS = NO;
				SWIFT_VERSION = 5.0;
				TARGETED_DEVICE_FAMILY = "1,2";
				TEST_HOST = "$(BUILT_PRODUCTS_DIR)/AppStoryBoard.app/$(BUNDLE_EXECUTABLE_FOLDER_PATH)/AppStoryBoard";
			};
			name = Release;
		};
		974B23F329D3A2F000411FD1 /* Debug */ = {
			isa = XCBuildConfiguration;
			buildSettings = {
				ALWAYS_EMBED_SWIFT_STANDARD_LIBRARIES = YES;
				CODE_SIGN_STYLE = Automatic;
				CURRENT_PROJECT_VERSION = 1;
				GENERATE_INFOPLIST_FILE = YES;
				MARKETING_VERSION = 1.0;
				PRODUCT_BUNDLE_IDENTIFIER = Balcardev.AppStoryBoardUITests;
				PRODUCT_NAME = "$(TARGET_NAME)";
				SWIFT_EMIT_LOC_STRINGS = NO;
				SWIFT_VERSION = 5.0;
				TARGETED_DEVICE_FAMILY = "1,2";
				TEST_TARGET_NAME = AppStoryBoard;
			};
			name = Debug;
		};
		974B23F429D3A2F000411FD1 /* Release */ = {
			isa = XCBuildConfiguration;
			buildSettings = {
				ALWAYS_EMBED_SWIFT_STANDARD_LIBRARIES = YES;
				CODE_SIGN_STYLE = Automatic;
				CURRENT_PROJECT_VERSION = 1;
				GENERATE_INFOPLIST_FILE = YES;
				MARKETING_VERSION = 1.0;
				PRODUCT_BUNDLE_IDENTIFIER = Balcardev.AppStoryBoardUITests;
				PRODUCT_NAME = "$(TARGET_NAME)";
				SWIFT_EMIT_LOC_STRINGS = NO;
				SWIFT_VERSION = 5.0;
				TARGETED_DEVICE_FAMILY = "1,2";
				TEST_TARGET_NAME = AppStoryBoard;
			};
			name = Release;
		};
/* End XCBuildConfiguration section */

/* Begin XCConfigurationList section */
		974B23BD29D3A2EF00411FD1 /* Build configuration list for PBXProject "AppStoryBoard" */ = {
			isa = XCConfigurationList;
			buildConfigurations = (
				974B23EA29D3A2F000411FD1 /* Debug */,
				974B23EB29D3A2F000411FD1 /* Release */,
			);
			defaultConfigurationIsVisible = 0;
			defaultConfigurationName = Release;
		};
		974B23EC29D3A2F000411FD1 /* Build configuration list for PBXNativeTarget "AppStoryBoard" */ = {
			isa = XCConfigurationList;
			buildConfigurations = (
				974B23ED29D3A2F000411FD1 /* Debug */,
				974B23EE29D3A2F000411FD1 /* Release */,
			);
			defaultConfigurationIsVisible = 0;
			defaultConfigurationName = Release;
		};
		974B23EF29D3A2F000411FD1 /* Build configuration list for PBXNativeTarget "AppStoryBoardTests" */ = {
			isa = XCConfigurationList;
			buildConfigurations = (
				974B23F029D3A2F000411FD1 /* Debug */,
				974B23F129D3A2F000411FD1 /* Release */,
			);
			defaultConfigurationIsVisible = 0;
			defaultConfigurationName = Release;
		};
		974B23F229D3A2F000411FD1 /* Build configuration list for PBXNativeTarget "AppStoryBoardUITests" */ = {
			isa = XCConfigurationList;
			buildConfigurations = (
				974B23F329D3A2F000411FD1 /* Debug */,
				974B23F429D3A2F000411FD1 /* Release */,
			);
			defaultConfigurationIsVisible = 0;
			defaultConfigurationName = Release;
		};
/* End XCConfigurationList section */
	};
	rootObject = 974B23BA29D3A2EF00411FD1 /* Project object */;
}
